
Microsoft Visual Studio Solution File, Format Version 12.00
# Visual Studio Version 17
VisualStudioVersion = 17.9.34728.123
MinimumVisualStudioVersion = 10.0.40219.1
Project("{9A19103F-16F7-4668-BE54-9A1E7A4F7556}") = "PustokAB204", "PustokAB204\PustokAB204.csproj", "{F3AAA780-7AC5-4748-A40D-B2D81CE4782D}"
EndProject
Project("{FAE04EC0-301F-11D3-BF4B-00C04F79EFBC}") = "PustokAB204.Core", "PustokAB204.Core\PustokAB204.Core.csproj", "{601FDCDD-9F40-40AE-A859-AA82AAABCE52}"
EndProject
Project("{FAE04EC0-301F-11D3-BF4B-00C04F79EFBC}") = "PustokAB204.Data", "PustokAB204.Data\PustokAB204.Data.csproj", "{C6EFCFAF-AE20-4226-802E-2358D95E8F92}"
EndProject
Project("{FAE04EC0-301F-11D3-BF4B-00C04F79EFBC}") = "PustokAB204.Business", "PustokAB204.Business\PustokAB204.Business.csproj", "{B37F3525-6EAB-43D9-BB78-0BA7F31EADDB}"
EndProject
Global
	GlobalSection(SolutionConfigurationPlatforms) = preSolution
		Debug|Any CPU = Debug|Any CPU
		Release|Any CPU = Release|Any CPU
	EndGlobalSection
	GlobalSection(ProjectConfigurationPlatforms) = postSolution
		{F3AAA780-7AC5-4748-A40D-B2D81CE4782D}.Debug|Any CPU.ActiveCfg = Debug|Any CPU
		{F3AAA780-7AC5-4748-A40D-B2D81CE4782D}.Debug|Any CPU.Build.0 = Debug|Any CPU
		{F3AAA780-7AC5-4748-A40D-B2D81CE4782D}.Release|Any CPU.ActiveCfg = Release|Any CPU
		{F3AAA780-7AC5-4748-A40D-B2D81CE4782D}.Release|Any CPU.Build.0 = Release|Any CPU
		{601FDCDD-9F40-40AE-A859-AA82AAABCE52}.Debug|Any CPU.ActiveCfg = Debug|Any CPU
		{601FDCDD-9F40-40AE-A859-AA82AAABCE52}.Debug|Any CPU.Build.0 = Debug|Any CPU
		{601FDCDD-9F40-40AE-A859-AA82AAABCE52}.Release|Any CPU.ActiveCfg = Release|Any CPU
		{601FDCDD-9F40-40AE-A859-AA82AAABCE52}.Release|Any CPU.Build.0 = Release|Any CPU
		{C6EFCFAF-AE20-4226-802E-2358D95E8F92}.Debug|Any CPU.ActiveCfg = Debug|Any CPU
		{C6EFCFAF-AE20-4226-802E-2358D95E8F92}.Debug|Any CPU.Build.0 = Debug|Any CPU
		{C6EFCFAF-AE20-4226-802E-2358D95E8F92}.Release|Any CPU.ActiveCfg = Release|Any CPU
		{C6EFCFAF-AE20-4226-802E-2358D95E8F92}.Release|Any CPU.Build.0 = Release|Any CPU
		{B37F3525-6EAB-43D9-BB78-0BA7F31EADDB}.Debug|Any CPU.ActiveCfg = Debug|Any CPU
		{B37F3525-6EAB-43D9-BB78-0BA7F31EADDB}.Debug|Any CPU.Build.0 = Debug|Any CPU
		{B37F3525-6EAB-43D9-BB78-0BA7F31EADDB}.Release|Any CPU.ActiveCfg = Release|Any CPU
		{B37F3525-6EAB-43D9-BB78-0BA7F31EADDB}.Release|Any CPU.Build.0 = Release|Any CPU
	EndGlobalSection
	GlobalSection(SolutionProperties) = preSolution
		HideSolutionNode = FALSE
	EndGlobalSection
	GlobalSection(ExtensibilityGlobals) = postSolution
		SolutionGuid = {E07DB972-DDA9-4943-9800-4896B5DED35E}
	EndGlobalSection
EndGlobal
