
Microsoft Visual Studio Solution File, Format Version 12.00
# Visual Studio Version 17
VisualStudioVersion = 17.4.33122.133
MinimumVisualStudioVersion = 10.0.40219.1
Project("{FAE04EC0-301F-11D3-BF4B-00C04F79EFBC}") = "ConsoleApp1", "ConsoleApp1\ConsoleApp1.csproj", "{78E306A8-13F9-4E49-BEBB-B1CD500117DA}"
EndProject
Project("{FAE04EC0-301F-11D3-BF4B-00C04F79EFBC}") = "Core", "Core\Core.csproj", "{FC13776F-0C19-4CFE-A86E-E582031E5173}"
EndProject
Global
	GlobalSection(SolutionConfigurationPlatforms) = preSolution
		Debug|Any CPU = Debug|Any CPU
		Release|Any CPU = Release|Any CPU
	EndGlobalSection
	GlobalSection(ProjectConfigurationPlatforms) = postSolution
		{78E306A8-13F9-4E49-BEBB-B1CD500117DA}.Debug|Any CPU.ActiveCfg = Debug|Any CPU
		{78E306A8-13F9-4E49-BEBB-B1CD500117DA}.Debug|Any CPU.Build.0 = Debug|Any CPU
		{78E306A8-13F9-4E49-BEBB-B1CD500117DA}.Release|Any CPU.ActiveCfg = Release|Any CPU
		{78E306A8-13F9-4E49-BEBB-B1CD500117DA}.Release|Any CPU.Build.0 = Release|Any CPU
		{FC13776F-0C19-4CFE-A86E-E582031E5173}.Debug|Any CPU.ActiveCfg = Debug|Any CPU
		{FC13776F-0C19-4CFE-A86E-E582031E5173}.Debug|Any CPU.Build.0 = Debug|Any CPU
		{FC13776F-0C19-4CFE-A86E-E582031E5173}.Release|Any CPU.ActiveCfg = Release|Any CPU
		{FC13776F-0C19-4CFE-A86E-E582031E5173}.Release|Any CPU.Build.0 = Release|Any CPU
	EndGlobalSection
	GlobalSection(SolutionProperties) = preSolution
		HideSolutionNode = FALSE
	EndGlobalSection
	GlobalSection(ExtensibilityGlobals) = postSolution
		SolutionGuid = {E31AE0A7-C8E2-4923-BAAC-416FF415C6E9}
	EndGlobalSection
EndGlobal
