
Microsoft Visual Studio Solution File, Format Version 12.00
# Visual Studio Version 17
VisualStudioVersion = 17.4.33122.133
MinimumVisualStudioVersion = 10.0.40219.1
Project("{FAE04EC0-301F-11D3-BF4B-00C04F79EFBC}") = "Delegates", "Delegates\Delegates.csproj", "{655840B3-266E-49F1-B2D6-1F2177434819}"
EndProject
Project("{FAE04EC0-301F-11D3-BF4B-00C04F79EFBC}") = "SystemDelegates", "SystemDelegates\SystemDelegates.csproj", "{B318E23B-3B4F-46E1-9B8A-6BEDB6A91FBB}"
EndProject
Global
	GlobalSection(SolutionConfigurationPlatforms) = preSolution
		Debug|Any CPU = Debug|Any CPU
		Release|Any CPU = Release|Any CPU
	EndGlobalSection
	GlobalSection(ProjectConfigurationPlatforms) = postSolution
		{655840B3-266E-49F1-B2D6-1F2177434819}.Debug|Any CPU.ActiveCfg = Debug|Any CPU
		{655840B3-266E-49F1-B2D6-1F2177434819}.Debug|Any CPU.Build.0 = Debug|Any CPU
		{655840B3-266E-49F1-B2D6-1F2177434819}.Release|Any CPU.ActiveCfg = Release|Any CPU
		{655840B3-266E-49F1-B2D6-1F2177434819}.Release|Any CPU.Build.0 = Release|Any CPU
		{B318E23B-3B4F-46E1-9B8A-6BEDB6A91FBB}.Debug|Any CPU.ActiveCfg = Debug|Any CPU
		{B318E23B-3B4F-46E1-9B8A-6BEDB6A91FBB}.Debug|Any CPU.Build.0 = Debug|Any CPU
		{B318E23B-3B4F-46E1-9B8A-6BEDB6A91FBB}.Release|Any CPU.ActiveCfg = Release|Any CPU
		{B318E23B-3B4F-46E1-9B8A-6BEDB6A91FBB}.Release|Any CPU.Build.0 = Release|Any CPU
	EndGlobalSection
	GlobalSection(SolutionProperties) = preSolution
		HideSolutionNode = FALSE
	EndGlobalSection
	GlobalSection(ExtensibilityGlobals) = postSolution
		SolutionGuid = {1B344F4D-EED1-48A7-AE43-1296AD4FDC8C}
	EndGlobalSection
EndGlobal
