
Microsoft Visual Studio Solution File, Format Version 12.00
# Visual Studio Version 17
VisualStudioVersion = 17.4.33122.133
MinimumVisualStudioVersion = 10.0.40219.1
Project("{FAE04EC0-301F-11D3-BF4B-00C04F79EFBC}") = "ConsoleApp1", "ConsoleApp1\ConsoleApp1.csproj", "{C65AF681-243B-45B7-8E30-3B9DA30F9464}"
EndProject
Global
	GlobalSection(SolutionConfigurationPlatforms) = preSolution
		Debug|Any CPU = Debug|Any CPU
		Release|Any CPU = Release|Any CPU
	EndGlobalSection
	GlobalSection(ProjectConfigurationPlatforms) = postSolution
		{C65AF681-243B-45B7-8E30-3B9DA30F9464}.Debug|Any CPU.ActiveCfg = Debug|Any CPU
		{C65AF681-243B-45B7-8E30-3B9DA30F9464}.Debug|Any CPU.Build.0 = Debug|Any CPU
		{C65AF681-243B-45B7-8E30-3B9DA30F9464}.Release|Any CPU.ActiveCfg = Release|Any CPU
		{C65AF681-243B-45B7-8E30-3B9DA30F9464}.Release|Any CPU.Build.0 = Release|Any CPU
	EndGlobalSection
	GlobalSection(SolutionProperties) = preSolution
		HideSolutionNode = FALSE
	EndGlobalSection
	GlobalSection(ExtensibilityGlobals) = postSolution
		SolutionGuid = {FBB06B67-74A3-4486-9B9A-4186A91C0FFA}
	EndGlobalSection
EndGlobal
